Microsoft Visual Studio Solution File, Format Version 12.00
# Visual Studio Version 17
VisualStudioVersion = 17.5.2.0
MinimumVisualStudioVersion = 10.0.40219.1
Project("{FAE04EC0-301F-11D3-BF4B-00C04F79EFBC}") = "sound-control-station", "sound-control-station.csproj", "{6DADF312-E6A5-357D-12CC-664AA72A09D6}"
EndProject
Global
	GlobalSection(SolutionConfigurationPlatforms) = preSolution
		Debug|Any CPU = Debug|Any CPU
		Release|Any CPU = Release|Any CPU
	EndGlobalSection
	GlobalSection(ProjectConfigurationPlatforms) = postSolution
		{6DADF312-E6A5-357D-12CC-664AA72A09D6}.Debug|Any CPU.ActiveCfg = Debug|Any CPU
		{6DADF312-E6A5-357D-12CC-664AA72A09D6}.Debug|Any CPU.Build.0 = Debug|Any CPU
		{6DADF312-E6A5-357D-12CC-664AA72A09D6}.Release|Any CPU.ActiveCfg = Release|Any CPU
		{6DADF312-E6A5-357D-12CC-664AA72A09D6}.Release|Any CPU.Build.0 = Release|Any CPU
	EndGlobalSection
	GlobalSection(SolutionProperties) = preSolution
		HideSolutionNode = FALSE
	EndGlobalSection
	GlobalSection(ExtensibilityGlobals) = postSolution
		SolutionGuid = {FD7BE61A-0E0B-4D3A-BEAC-625BB7F5850C}
	EndGlobalSection
EndGlobal
